{
  "originHash" : "84e13969069197ffc3f873e76f2464870a7a117b246cbccce3c6bec93d2b59d0",
  "pins" : [
    {
      "identity" : "ffmpegbuild",
      "kind" : "remoteSourceControl",
      "location" : "https://github.com/Espionage9248/FFmpegBuild",
      "state" : {
        "revision" : "5329cdd58d000373fc85fd19dc30ddceac6a4985"
      }
    }
  ],
  "version" : 3
}
